// !$*UTF8*$!
{
	archiveVersion = 1;
	classes = {
	};
	objectVersion = 46;
	objects = {

/* Begin PBXBuildFile section */
		E574E9C01D4C434500BAFBA9 /* main.m in Sources */ = {isa = PBXBuildFile; fileRef = E574E9BF1D4C434500BAFBA9 /* main.m */; };
		E574E9C31D4C434500BAFBA9 /* AppDelegate.m in Sources */ = {isa = PBXBuildFile; fileRef = E574E9C21D4C434500BAFBA9 /* AppDelegate.m */; };
		E574E9C91D4C434500BAFBA9 /* Main.storyboard in Resources */ = {isa = PBXBuildFile; fileRef = E574E9C71D4C434500BAFBA9 /* Main.storyboard */; };
		E574E9CB1D4C434500BAFBA9 /* Assets.xcassets in Resources */ = {isa = PBXBuildFile; fileRef = E574E9CA1D4C434500BAFBA9 /* Assets.xcassets */; };
		E574E9CE1D4C434500BAFBA9 /* LaunchScreen.storyboard in Resources */ = {isa = PBXBuildFile; fileRef = E574E9CC1D4C434500BAFBA9 /* LaunchScreen.storyboard */; };
		E574E9D91D4C434500BAFBA9 /* GradientLayer_DemoTests.m in Sources */ = {isa = PBXBuildFile; fileRef = E574E9D81D4C434500BAFBA9 /* GradientLayer_DemoTests.m */; };
		E574E9E41D4C434500BAFBA9 /* GradientLayer_DemoUITests.m in Sources */ = {isa = PBXBuildFile; fileRef = E574E9E31D4C434500BAFBA9 /* GradientLayer_DemoUITests.m */; };
		E574EA031D4C452200BAFBA9 /* CommonButton.m in Sources */ = {isa = PBXBuildFile; fileRef = E574E9F91D4C452200BAFBA9 /* CommonButton.m */; };
		E574EA041D4C452200BAFBA9 /* CommonLabel.m in Sources */ = {isa = PBXBuildFile; fileRef = E574E9FB1D4C452200BAFBA9 /* CommonLabel.m */; };
		E574EA051D4C452200BAFBA9 /* CustomTextField.m in Sources */ = {isa = PBXBuildFile; fileRef = E574E9FD1D4C452200BAFBA9 /* CustomTextField.m */; };
		E574EA061D4C452200BAFBA9 /* LoginViewController.m in Sources */ = {isa = PBXBuildFile; fileRef = E574EA001D4C452200BAFBA9 /* LoginViewController.m */; };
		E574EA071D4C452200BAFBA9 /* RegisterViewController.m in Sources */ = {isa = PBXBuildFile; fileRef = E574EA021D4C452200BAFBA9 /* RegisterViewController.m */; };
		E574EA0A1D4C52AA00BAFBA9 /* HomeViewController.m in Sources */ = {isa = PBXBuildFile; fileRef = E574EA091D4C52AA00BAFBA9 /* HomeViewController.m */; };
/* End PBXBuildFile section */

/* Begin PBXContainerItemProxy section */
		E574E9D51D4C434500BAFBA9 /* PBXContainerItemProxy */ = {
			isa = PBXContainerItemProxy;
			containerPortal = E574E9B31D4C434500BAFBA9 /* Project object */;
			proxyType = 1;
			remoteGlobalIDString = E574E9BA1D4C434500BAFBA9;
			remoteInfo = GradientLayer_Demo;
		};
		E574E9E01D4C434500BAFBA9 /* PBXContainerItemProxy */ = {
			isa = PBXContainerItemProxy;
			containerPortal = E574E9B31D4C434500BAFBA9 /* Project object */;
			proxyType = 1;
			remoteGlobalIDString = E574E9BA1D4C434500BAFBA9;
			remoteInfo = GradientLayer_Demo;
		};
/* End PBXContainerItemProxy section */

/* Begin PBXFileReference section */
		E574E9BB1D4C434500BAFBA9 /* GradientLayer_Demo.app */ = {isa = PBXFileReference; explicitFileType = wrapper.application; includeInIndex = 0; path = GradientLayer_Demo.app; sourceTree = BUILT_PRODUCTS_DIR; };
		E574E9BF1D4C434500BAFBA9 /* main.m */ = {isa = PBXFileReference; lastKnownFileType = sourcecode.c.objc; path = main.m; sourceTree = "<group>"; };
		E574E9C11D4C434500BAFBA9 /* AppDelegate.h */ = {isa = PBXFileReference; lastKnownFileType = sourcecode.c.h; path = AppDelegate.h; sourceTree = "<group>"; };
		E574E9C21D4C434500BAFBA9 /* AppDelegate.m */ = {isa = PBXFileReference; lastKnownFileType = sourcecode.c.objc; path = AppDelegate.m; sourceTree = "<group>"; };
		E574E9C81D4C434500BAFBA9 /* Base */ = {isa = PBXFileReference; lastKnownFileType = file.storyboard; name = Base; path = Base.lproj/Main.storyboard; sourceTree = "<group>"; };
		E574E9CA1D4C434500BAFBA9 /* Assets.xcassets */ = {isa = PBXFileReference; lastKnownFileType = folder.assetcatalog; path = Assets.xcassets; sourceTree = "<group>"; };
		E574E9CD1D4C434500BAFBA9 /* Base */ = {isa = PBXFileReference; lastKnownFileType = file.storyboard; name = Base; path = Base.lproj/LaunchScreen.storyboard; sourceTree = "<group>"; };
		E574E9CF1D4C434500BAFBA9 /* Info.plist */ = {isa = PBXFileReference; lastKnownFileType = text.plist.xml; path = Info.plist; sourceTree = "<group>"; };
		E574E9D41D4C434500BAFBA9 /* GradientLayer_DemoTests.xctest */ = {isa = PBXFileReference; explicitFileType = wrapper.cfbundle; includeInIndex = 0; path = GradientLayer_DemoTests.xctest; sourceTree = BUILT_PRODUCTS_DIR; };
		E574E9D81D4C434500BAFBA9 /* GradientLayer_DemoTests.m */ = {isa = PBXFileReference; lastKnownFileType = sourcecode.c.objc; path = GradientLayer_DemoTests.m; sourceTree = "<group>"; };
		E574E9DA1D4C434500BAFBA9 /* Info.plist */ = {isa = PBXFileReference; lastKnownFileType = text.plist.xml; path = Info.plist; sourceTree = "<group>"; };
		E574E9DF1D4C434500BAFBA9 /* GradientLayer_DemoUITests.xctest */ = {isa = PBXFileReference; explicitFileType = wrapper.cfbundle; includeInIndex = 0; path = GradientLayer_DemoUITests.xctest; sourceTree = BUILT_PRODUCTS_DIR; };
		E574E9E31D4C434500BAFBA9 /* GradientLayer_DemoUITests.m */ = {isa = PBXFileReference; lastKnownFileType = sourcecode.c.objc; path = GradientLayer_DemoUITests.m; sourceTree = "<group>"; };
		E574E9E51D4C434500BAFBA9 /* Info.plist */ = {isa = PBXFileReference; lastKnownFileType = text.plist.xml; path = Info.plist; sourceTree = "<group>"; };
		E574E9F81D4C452200BAFBA9 /* CommonButton.h */ = {isa = PBXFileReference; fileEncoding = 4; lastKnownFileType = sourcecode.c.h; path = CommonButton.h; sourceTree = "<group>"; };
		E574E9F91D4C452200BAFBA9 /* CommonButton.m */ = {isa = PBXFileReference; fileEncoding = 4; lastKnownFileType = sourcecode.c.objc; path = CommonButton.m; sourceTree = "<group>"; };
		E574E9FA1D4C452200BAFBA9 /* CommonLabel.h */ = {isa = PBXFileReference; fileEncoding = 4; lastKnownFileType = sourcecode.c.h; path = CommonLabel.h; sourceTree = "<group>"; };
		E574E9FB1D4C452200BAFBA9 /* CommonLabel.m */ = {isa = PBXFileReference; fileEncoding = 4; lastKnownFileType = sourcecode.c.objc; path = CommonLabel.m; sourceTree = "<group>"; };
		E574E9FC1D4C452200BAFBA9 /* CustomTextField.h */ = {isa = PBXFileReference; fileEncoding = 4; lastKnownFileType = sourcecode.c.h; path = CustomTextField.h; sourceTree = "<group>"; };
		E574E9FD1D4C452200BAFBA9 /* CustomTextField.m */ = {isa = PBXFileReference; fileEncoding = 4; lastKnownFileType = sourcecode.c.objc; path = CustomTextField.m; sourceTree = "<group>"; };
		E574E9FF1D4C452200BAFBA9 /* LoginViewController.h */ = {isa = PBXFileReference; fileEncoding = 4; lastKnownFileType = sourcecode.c.h; path = LoginViewController.h; sourceTree = "<group>"; };
		E574EA001D4C452200BAFBA9 /* LoginViewController.m */ = {isa = PBXFileReference; fileEncoding = 4; lastKnownFileType = sourcecode.c.objc; path = LoginViewController.m; sourceTree = "<group>"; };
		E574EA011D4C452200BAFBA9 /* RegisterViewController.h */ = {isa = PBXFileReference; fileEncoding = 4; lastKnownFileType = sourcecode.c.h; path = RegisterViewController.h; sourceTree = "<group>"; };
		E574EA021D4C452200BAFBA9 /* RegisterViewController.m */ = {isa = PBXFileReference; fileEncoding = 4; lastKnownFileType = sourcecode.c.objc; path = RegisterViewController.m; sourceTree = "<group>"; };
		E574EA081D4C52AA00BAFBA9 /* HomeViewController.h */ = {isa = PBXFileReference; fileEncoding = 4; lastKnownFileType = sourcecode.c.h; path = HomeViewController.h; sourceTree = "<group>"; };
		E574EA091D4C52AA00BAFBA9 /* HomeViewController.m */ = {isa = PBXFileReference; fileEncoding = 4; lastKnownFileType = sourcecode.c.objc; path = HomeViewController.m; sourceTree = "<group>"; };
/* End PBXFileReference section */

/* Begin PBXFrameworksBuildPhase section */
		E574E9B81D4C434500BAFBA9 /* Frameworks */ = {
			isa = PBXFrameworksBuildPhase;
			buildActionMask = 2147483647;
			files = (
			);
			runOnlyForDeploymentPostprocessing = 0;
		};
		E574E9D11D4C434500BAFBA9 /* Frameworks */ = {
			isa = PBXFrameworksBuildPhase;
			buildActionMask = 2147483647;
			files = (
			);
			runOnlyForDeploymentPostprocessing = 0;
		};
		E574E9DC1D4C434500BAFBA9 /* Frameworks */ = {
			isa = PBXFrameworksBuildPhase;
			buildActionMask = 2147483647;
			files = (
			);
			runOnlyForDeploymentPostprocessing = 0;
		};
/* End PBXFrameworksBuildPhase section */

/* Begin PBXGroup section */
		E574E9B21D4C434500BAFBA9 = {
			isa = PBXGroup;
			children = (
				E574E9BD1D4C434500BAFBA9 /* GradientLayer_Demo */,
				E574E9D71D4C434500BAFBA9 /* GradientLayer_DemoTests */,
				E574E9E21D4C434500BAFBA9 /* GradientLayer_DemoUITests */,
				E574E9BC1D4C434500BAFBA9 /* Products */,
			);
			sourceTree = "<group>";
		};
		E574E9BC1D4C434500BAFBA9 /* Products */ = {
			isa = PBXGroup;
			children = (
				E574E9BB1D4C434500BAFBA9 /* GradientLayer_Demo.app */,
				E574E9D41D4C434500BAFBA9 /* GradientLayer_DemoTests.xctest */,
				E574E9DF1D4C434500BAFBA9 /* GradientLayer_DemoUITests.xctest */,
			);
			name = Products;
			sourceTree = "<group>";
		};
		E574E9BD1D4C434500BAFBA9 /* GradientLayer_Demo */ = {
			isa = PBXGroup;
			children = (
				E574E9F71D4C452200BAFBA9 /* Category */,
				E574E9FE1D4C452200BAFBA9 /* Controllers */,
				E574E9C11D4C434500BAFBA9 /* AppDelegate.h */,
				E574E9C21D4C434500BAFBA9 /* AppDelegate.m */,
				E574E9C71D4C434500BAFBA9 /* Main.storyboard */,
				E574E9CA1D4C434500BAFBA9 /* Assets.xcassets */,
				E574E9CC1D4C434500BAFBA9 /* LaunchScreen.storyboard */,
				E574E9CF1D4C434500BAFBA9 /* Info.plist */,
				E574E9BE1D4C434500BAFBA9 /* Supporting Files */,
			);
			path = GradientLayer_Demo;
			sourceTree = "<group>";
		};
		E574E9BE1D4C434500BAFBA9 /* Supporting Files */ = {
			isa = PBXGroup;
			children = (
				E574E9BF1D4C434500BAFBA9 /* main.m */,
			);
			name = "Supporting Files";
			sourceTree = "<group>";
		};
		E574E9D71D4C434500BAFBA9 /* GradientLayer_DemoTests */ = {
			isa = PBXGroup;
			children = (
				E574E9D81D4C434500BAFBA9 /* GradientLayer_DemoTests.m */,
				E574E9DA1D4C434500BAFBA9 /* Info.plist */,
			);
			path = GradientLayer_DemoTests;
			sourceTree = "<group>";
		};
		E574E9E21D4C434500BAFBA9 /* GradientLayer_DemoUITests */ = {
			isa = PBXGroup;
			children = (
				E574E9E31D4C434500BAFBA9 /* GradientLayer_DemoUITests.m */,
				E574E9E51D4C434500BAFBA9 /* Info.plist */,
			);
			path = GradientLayer_DemoUITests;
			sourceTree = "<group>";
		};
		E574E9F71D4C452200BAFBA9 /* Category */ = {
			isa = PBXGroup;
			children = (
				E574E9F81D4C452200BAFBA9 /* CommonButton.h */,
				E574E9F91D4C452200BAFBA9 /* CommonButton.m */,
				E574E9FA1D4C452200BAFBA9 /* CommonLabel.h */,
				E574E9FB1D4C452200BAFBA9 /* CommonLabel.m */,
				E574E9FC1D4C452200BAFBA9 /* CustomTextField.h */,
				E574E9FD1D4C452200BAFBA9 /* CustomTextField.m */,
			);
			path = Category;
			sourceTree = "<group>";
		};
		E574E9FE1D4C452200BAFBA9 /* Controllers */ = {
			isa = PBXGroup;
			children = (
				E574E9FF1D4C452200BAFBA9 /* LoginViewController.h */,
				E574EA001D4C452200BAFBA9 /* LoginViewController.m */,
				E574EA011D4C452200BAFBA9 /* RegisterViewController.h */,
				E574EA021D4C452200BAFBA9 /* RegisterViewController.m */,
				E574EA081D4C52AA00BAFBA9 /* HomeViewController.h */,
				E574EA091D4C52AA00BAFBA9 /* HomeViewController.m */,
			);
			path = Controllers;
			sourceTree = "<group>";
		};
/* End PBXGroup section */

/* Begin PBXNativeTarget section */
		E574E9BA1D4C434500BAFBA9 /* GradientLayer_Demo */ = {
			isa = PBXNativeTarget;
			buildConfigurationList = E574E9E81D4C434500BAFBA9 /* Build configuration list for PBXNativeTarget "GradientLayer_Demo" */;
			buildPhases = (
				E574E9B71D4C434500BAFBA9 /* Sources */,
				E574E9B81D4C434500BAFBA9 /* Frameworks */,
				E574E9B91D4C434500BAFBA9 /* Resources */,
			);
			buildRules = (
			);
			dependencies = (
			);
			name = GradientLayer_Demo;
			productName = GradientLayer_Demo;
			productReference = E574E9BB1D4C434500BAFBA9 /* GradientLayer_Demo.app */;
			productType = "com.apple.product-type.application";
		};
		E574E9D31D4C434500BAFBA9 /* GradientLayer_DemoTests */ = {
			isa = PBXNativeTarget;
			buildConfigurationList = E574E9EB1D4C434500BAFBA9 /* Build configuration list for PBXNativeTarget "GradientLayer_DemoTests" */;
			buildPhases = (
				E574E9D01D4C434500BAFBA9 /* Sources */,
				E574E9D11D4C434500BAFBA9 /* Frameworks */,
				E574E9D21D4C434500BAFBA9 /* Resources */,
			);
			buildRules = (
			);
			dependencies = (
				E574E9D61D4C434500BAFBA9 /* PBXTargetDependency */,
			);
			name = GradientLayer_DemoTests;
			productName = GradientLayer_DemoTests;
			productReference = E574E9D41D4C434500BAFBA9 /* GradientLayer_DemoTests.xctest */;
			productType = "com.apple.product-type.bundle.unit-test";
		};
		E574E9DE1D4C434500BAFBA9 /* GradientLayer_DemoUITests */ = {
			isa = PBXNativeTarget;
			buildConfigurationList = E574E9EE1D4C434500BAFBA9 /* Build configuration list for PBXNativeTarget "GradientLayer_DemoUITests" */;
			buildPhases = (
				E574E9DB1D4C434500BAFBA9 /* Sources */,
				E574E9DC1D4C434500BAFBA9 /* Frameworks */,
				E574E9DD1D4C434500BAFBA9 /* Resources */,
			);
			buildRules = (
			);
			dependencies = (
				E574E9E11D4C434500BAFBA9 /* PBXTargetDependency */,
			);
			name = GradientLayer_DemoUITests;
			productName = GradientLayer_DemoUITests;
			productReference = E574E9DF1D4C434500BAFBA9 /* GradientLayer_DemoUITests.xctest */;
			productType = "com.apple.product-type.bundle.ui-testing";
		};
/* End PBXNativeTarget section */

/* Begin PBXProject section */
		E574E9B31D4C434500BAFBA9 /* Project object */ = {
			isa = PBXProject;
			attributes = {
				LastUpgradeCheck = 0730;
				ORGANIZATIONNAME = TOMO;
				TargetAttributes = {
					E574E9BA1D4C434500BAFBA9 = {
						CreatedOnToolsVersion = 7.3;
					};
					E574E9D31D4C434500BAFBA9 = {
						CreatedOnToolsVersion = 7.3;
						TestTargetID = E574E9BA1D4C434500BAFBA9;
					};
					E574E9DE1D4C434500BAFBA9 = {
						CreatedOnToolsVersion = 7.3;
						TestTargetID = E574E9BA1D4C434500BAFBA9;
					};
				};
			};
			buildConfigurationList = E574E9B61D4C434500BAFBA9 /* Build configuration list for PBXProject "GradientLayer_Demo" */;
			compatibilityVersion = "Xcode 3.2";
			developmentRegion = English;
			hasScannedForEncodings = 0;
			knownRegions = (
				en,
				Base,
			);
			mainGroup = E574E9B21D4C434500BAFBA9;
			productRefGroup = E574E9BC1D4C434500BAFBA9 /* Products */;
			projectDirPath = "";
			projectRoot = "";
			targets = (
				E574E9BA1D4C434500BAFBA9 /* GradientLayer_Demo */,
				E574E9D31D4C434500BAFBA9 /* GradientLayer_DemoTests */,
				E574E9DE1D4C434500BAFBA9 /* GradientLayer_DemoUITests */,
			);
		};
/* End PBXProject section */

/* Begin PBXResourcesBuildPhase section */
		E574E9B91D4C434500BAFBA9 /* Resources */ = {
			isa = PBXResourcesBuildPhase;
			buildActionMask = 2147483647;
			files = (
				E574E9CE1D4C434500BAFBA9 /* LaunchScreen.storyboard in Resources */,
				E574E9CB1D4C434500BAFBA9 /* Assets.xcassets in Resources */,
				E574E9C91D4C434500BAFBA9 /* Main.storyboard in Resources */,
			);
			runOnlyForDeploymentPostprocessing = 0;
		};
		E574E9D21D4C434500BAFBA9 /* Resources */ = {
			isa = PBXResourcesBuildPhase;
			buildActionMask = 2147483647;
			files = (
			);
			runOnlyForDeploymentPostprocessing = 0;
		};
		E574E9DD1D4C434500BAFBA9 /* Resources */ = {
			isa = PBXResourcesBuildPhase;
			buildActionMask = 2147483647;
			files = (
			);
			runOnlyForDeploymentPostprocessing = 0;
		};
/* End PBXResourcesBuildPhase section */

/* Begin PBXSourcesBuildPhase section */
		E574E9B71D4C434500BAFBA9 /* Sources */ = {
			isa = PBXSourcesBuildPhase;
			buildActionMask = 2147483647;
			files = (
				E574E9C31D4C434500BAFBA9 /* AppDelegate.m in Sources */,
				E574EA041D4C452200BAFBA9 /* CommonLabel.m in Sources */,
				E574EA061D4C452200BAFBA9 /* LoginViewController.m in Sources */,
				E574EA031D4C452200BAFBA9 /* CommonButton.m in Sources */,
				E574EA071D4C452200BAFBA9 /* RegisterViewController.m in Sources */,
				E574EA051D4C452200BAFBA9 /* CustomTextField.m in Sources */,
				E574E9C01D4C434500BAFBA9 /* main.m in Sources */,
				E574EA0A1D4C52AA00BAFBA9 /* HomeViewController.m in Sources */,
			);
			runOnlyForDeploymentPostprocessing = 0;
		};
		E574E9D01D4C434500BAFBA9 /* Sources */ = {
			isa = PBXSourcesBuildPhase;
			buildActionMask = 2147483647;
			files = (
				E574E9D91D4C434500BAFBA9 /* GradientLayer_DemoTests.m in Sources */,
			);
			runOnlyForDeploymentPostprocessing = 0;
		};
		E574E9DB1D4C434500BAFBA9 /* Sources */ = {
			isa = PBXSourcesBuildPhase;
			buildActionMask = 2147483647;
			files = (
				E574E9E41D4C434500BAFBA9 /* GradientLayer_DemoUITests.m in Sources */,
			);
			runOnlyForDeploymentPostprocessing = 0;
		};
/* End PBXSourcesBuildPhase section */

/* Begin PBXTargetDependency section */
		E574E9D61D4C434500BAFBA9 /* PBXTargetDependency */ = {
			isa = PBXTargetDependency;
			target = E574E9BA1D4C434500BAFBA9 /* GradientLayer_Demo */;
			targetProxy = E574E9D51D4C434500BAFBA9 /* PBXContainerItemProxy */;
		};
		E574E9E11D4C434500BAFBA9 /* PBXTargetDependency */ = {
			isa = PBXTargetDependency;
			target = E574E9BA1D4C434500BAFBA9 /* GradientLayer_Demo */;
			targetProxy = E574E9E01D4C434500BAFBA9 /* PBXContainerItemProxy */;
		};
/* End PBXTargetDependency section */

/* Begin PBXVariantGroup section */
		E574E9C71D4C434500BAFBA9 /* Main.storyboard */ = {
			isa = PBXVariantGroup;
			children = (
				E574E9C81D4C434500BAFBA9 /* Base */,
			);
			name = Main.storyboard;
			sourceTree = "<group>";
		};
		E574E9CC1D4C434500BAFBA9 /* LaunchScreen.storyboard */ = {
			isa = PBXVariantGroup;
			children = (
				E574E9CD1D4C434500BAFBA9 /* Base */,
			);
			name = LaunchScreen.storyboard;
			sourceTree = "<group>";
		};
/* End PBXVariantGroup section */

/* Begin XCBuildConfiguration section */
		E574E9E61D4C434500BAFBA9 /* Debug */ = {
			isa = XCBuildConfiguration;
			buildSettings = {
				ALWAYS_SEARCH_USER_PATHS = NO;
				CLANG_ANALYZER_NONNULL = YES;
				CLANG_CXX_LANGUAGE_STANDARD = "gnu++0x";
				CLANG_CXX_LIBRARY = "libc++";
				CLANG_ENABLE_MODULES = YES;
				CLANG_ENABLE_OBJC_ARC = YES;
				CLANG_WARN_BOOL_CONVERSION = YES;
				CLANG_WARN_CONSTANT_CONVERSION = YES;
				CLANG_WARN_DIRECT_OBJC_ISA_USAGE = YES_ERROR;
				CLANG_WARN_EMPTY_BODY = YES;
				CLANG_WARN_ENUM_CONVERSION = YES;
				CLANG_WARN_INT_CONVERSION = YES;
				CLANG_WARN_OBJC_ROOT_CLASS = YES_ERROR;
				CLANG_WARN_UNREACHABLE_CODE = YES;
				CLANG_WARN__DUPLICATE_METHOD_MATCH = YES;
				"CODE_SIGN_IDENTITY[sdk=iphoneos*]" = "iPhone Developer";
				COPY_PHASE_STRIP = NO;
				DEBUG_INFORMATION_FORMAT = dwarf;
				ENABLE_STRICT_OBJC_MSGSEND = YES;
				ENABLE_TESTABILITY = YES;
				GCC_C_LANGUAGE_STANDARD = gnu99;
				GCC_DYNAMIC_NO_PIC = NO;
				GCC_NO_COMMON_BLOCKS = YES;
				GCC_OPTIMIZATION_LEVEL = 0;
				GCC_PREPROCESSOR_DEFINITIONS = (
					"DEBUG=1",
					"$(inherited)",
				);
				GCC_WARN_64_TO_32_BIT_CONVERSION = YES;
				GCC_WARN_ABOUT_RETURN_TYPE = YES_ERROR;
				GCC_WARN_UNDECLARED_SELECTOR = YES;
				GCC_WARN_UNINITIALIZED_AUTOS = YES_AGGRESSIVE;
				GCC_WARN_UNUSED_FUNCTION = YES;
				GCC_WARN_UNUSED_VARIABLE = YES;
				IPHONEOS_DEPLOYMENT_TARGET = 9.3;
				MTL_ENABLE_DEBUG_INFO = YES;
				ONLY_ACTIVE_ARCH = YES;
				SDKROOT = iphoneos;
			};
			name = Debug;
		};
		E574E9E71D4C434500BAFBA9 /* Release */ = {
			isa = XCBuildConfiguration;
			buildSettings = {
				ALWAYS_SEARCH_USER_PATHS = NO;
				CLANG_ANALYZER_NONNULL = YES;
				CLANG_CXX_LANGUAGE_STANDARD = "gnu++0x";
				CLANG_CXX_LIBRARY = "libc++";
				CLANG_ENABLE_MODULES = YES;
				CLANG_ENABLE_OBJC_ARC = YES;
				CLANG_WARN_BOOL_CONVERSION = YES;
				CLANG_WARN_CONSTANT_CONVERSION = YES;
				CLANG_WARN_DIRECT_OBJC_ISA_USAGE = YES_ERROR;
				CLANG_WARN_EMPTY_BODY = YES;
				CLANG_WARN_ENUM_CONVERSION = YES;
				CLANG_WARN_INT_CONVERSION = YES;
				CLANG_WARN_OBJC_ROOT_CLASS = YES_ERROR;
				CLANG_WARN_UNREACHABLE_CODE = YES;
				CLANG_WARN__DUPLICATE_METHOD_MATCH = YES;
				"CODE_SIGN_IDENTITY[sdk=iphoneos*]" = "iPhone Developer";
				COPY_PHASE_STRIP = NO;
				DEBUG_INFORMATION_FORMAT = "dwarf-with-dsym";
				ENABLE_NS_ASSERTIONS = NO;
				ENABLE_STRICT_OBJC_MSGSEND = YES;
				GCC_C_LANGUAGE_STANDARD = gnu99;
				GCC_NO_COMMON_BLOCKS = YES;
				GCC_WARN_64_TO_32_BIT_CONVERSION = YES;
				GCC_WARN_ABOUT_RETURN_TYPE = YES_ERROR;
				GCC_WARN_UNDECLARED_SELECTOR = YES;
				GCC_WARN_UNINITIALIZED_AUTOS = YES_AGGRESSIVE;
				GCC_WARN_UNUSED_FUNCTION = YES;
				GCC_WARN_UNUSED_VARIABLE = YES;
				IPHONEOS_DEPLOYMENT_TARGET = 9.3;
				MTL_ENABLE_DEBUG_INFO = NO;
				SDKROOT = iphoneos;
				VALIDATE_PRODUCT = YES;
			};
			name = Release;
		};
		E574E9E91D4C434500BAFBA9 /* Debug */ = {
			isa = XCBuildConfiguration;
			buildSettings = {
				ASSETCATALOG_COMPILER_APPICON_NAME = AppIcon;
				INFOPLIST_FILE = GradientLayer_Demo/Info.plist;
				LD_RUNPATH_SEARCH_PATHS = "$(inherited) @executable_path/Frameworks";
				PRODUCT_BUNDLE_IDENTIFIER = "TOMO.GradientLayer-Demo";
				PRODUCT_NAME = "$(TARGET_NAME)";
			};
			name = Debug;
		};
		E574E9EA1D4C434500BAFBA9 /* Release */ = {
			isa = XCBuildConfiguration;
			buildSettings = {
				ASSETCATALOG_COMPILER_APPICON_NAME = AppIcon;
				INFOPLIST_FILE = GradientLayer_Demo/Info.plist;
				LD_RUNPATH_SEARCH_PATHS = "$(inherited) @executable_path/Frameworks";
				PRODUCT_BUNDLE_IDENTIFIER = "TOMO.GradientLayer-Demo";
				PRODUCT_NAME = "$(TARGET_NAME)";
			};
			name = Release;
		};
		E574E9EC1D4C434500BAFBA9 /* Debug */ = {
			isa = XCBuildConfiguration;
			buildSettings = {
				BUNDLE_LOADER = "$(TEST_HOST)";
				INFOPLIST_FILE = GradientLayer_DemoTests/Info.plist;
				LD_RUNPATH_SEARCH_PATHS = "$(inherited) @executable_path/Frameworks @loader_path/Frameworks";
				PRODUCT_BUNDLE_IDENTIFIER = "TOMO.GradientLayer-DemoTests";
				PRODUCT_NAME = "$(TARGET_NAME)";
				TEST_HOST = "$(BUILT_PRODUCTS_DIR)/GradientLayer_Demo.app/GradientLayer_Demo";
			};
			name = Debug;
		};
		E574E9ED1D4C434500BAFBA9 /* Release */ = {
			isa = XCBuildConfiguration;
			buildSettings = {
				BUNDLE_LOADER = "$(TEST_HOST)";
				INFOPLIST_FILE = GradientLayer_DemoTests/Info.plist;
				LD_RUNPATH_SEARCH_PATHS = "$(inherited) @executable_path/Frameworks @loader_path/Frameworks";
				PRODUCT_BUNDLE_IDENTIFIER = "TOMO.GradientLayer-DemoTests";
				PRODUCT_NAME = "$(TARGET_NAME)";
				TEST_HOST = "$(BUILT_PRODUCTS_DIR)/GradientLayer_Demo.app/GradientLayer_Demo";
			};
			name = Release;
		};
		E574E9EF1D4C434500BAFBA9 /* Debug */ = {
			isa = XCBuildConfiguration;
			buildSettings = {
				INFOPLIST_FILE = GradientLayer_DemoUITests/Info.plist;
				LD_RUNPATH_SEARCH_PATHS = "$(inherited) @executable_path/Frameworks @loader_path/Frameworks";
				PRODUCT_BUNDLE_IDENTIFIER = "TOMO.GradientLayer-DemoUITests";
				PRODUCT_NAME = "$(TARGET_NAME)";
				TEST_TARGET_NAME = GradientLayer_Demo;
			};
			name = Debug;
		};
		E574E9F01D4C434500BAFBA9 /* Release */ = {
			isa = XCBuildConfiguration;
			buildSettings = {
				INFOPLIST_FILE = GradientLayer_DemoUITests/Info.plist;
				LD_RUNPATH_SEARCH_PATHS = "$(inherited) @executable_path/Frameworks @loader_path/Frameworks";
				PRODUCT_BUNDLE_IDENTIFIER = "TOMO.GradientLayer-DemoUITests";
				PRODUCT_NAME = "$(TARGET_NAME)";
				TEST_TARGET_NAME = GradientLayer_Demo;
			};
			name = Release;
		};
/* End XCBuildConfiguration section */

/* Begin XCConfigurationList section */
		E574E9B61D4C434500BAFBA9 /* Build configuration list for PBXProject "GradientLayer_Demo" */ = {
			isa = XCConfigurationList;
			buildConfigurations = (
				E574E9E61D4C434500BAFBA9 /* Debug */,
				E574E9E71D4C434500BAFBA9 /* Release */,
			);
			defaultConfigurationIsVisible = 0;
			defaultConfigurationName = Release;
		};
		E574E9E81D4C434500BAFBA9 /* Build configuration list for PBXNativeTarget "GradientLayer_Demo" */ = {
			isa = XCConfigurationList;
			buildConfigurations = (
				E574E9E91D4C434500BAFBA9 /* Debug */,
				E574E9EA1D4C434500BAFBA9 /* Release */,
			);
			defaultConfigurationIsVisible = 0;
		};
		E574E9EB1D4C434500BAFBA9 /* Build configuration list for PBXNativeTarget "GradientLayer_DemoTests" */ = {
			isa = XCConfigurationList;
			buildConfigurations = (
				E574E9EC1D4C434500BAFBA9 /* Debug */,
				E574E9ED1D4C434500BAFBA9 /* Release */,
			);
			defaultConfigurationIsVisible = 0;
		};
		E574E9EE1D4C434500BAFBA9 /* Build configuration list for PBXNativeTarget "GradientLayer_DemoUITests" */ = {
			isa = XCConfigurationList;
			buildConfigurations = (
				E574E9EF1D4C434500BAFBA9 /* Debug */,
				E574E9F01D4C434500BAFBA9 /* Release */,
			);
			defaultConfigurationIsVisible = 0;
		};
/* End XCConfigurationList section */
	};
	rootObject = E574E9B31D4C434500BAFBA9 /* Project object */;
}
